
Microsoft Visual Studio Solution File, Format Version 12.00
# Visual Studio Version 17
VisualStudioVersion = 17.2.32616.157
MinimumVisualStudioVersion = 10.0.40219.1
Project("{FAE04EC0-301F-11D3-BF4B-00C04F79EFBC}") = "Calculadora", "Calculadora\Calculadora.csproj", "{DA8E398F-41B7-4322-AABC-8490C0CF0686}"
EndProject
Global
	GlobalSection(SolutionConfigurationPlatforms) = preSolution
		Debug|Any CPU = Debug|Any CPU
		Release|Any CPU = Release|Any CPU
	EndGlobalSection
	GlobalSection(ProjectConfigurationPlatforms) = postSolution
		{DA8E398F-41B7-4322-AABC-8490C0CF0686}.Debug|Any CPU.ActiveCfg = Debug|Any CPU
		{DA8E398F-41B7-4322-AABC-8490C0CF0686}.Debug|Any CPU.Build.0 = Debug|Any CPU
		{DA8E398F-41B7-4322-AABC-8490C0CF0686}.Release|Any CPU.ActiveCfg = Release|Any CPU
		{DA8E398F-41B7-4322-AABC-8490C0CF0686}.Release|Any CPU.Build.0 = Release|Any CPU
	EndGlobalSection
	GlobalSection(SolutionProperties) = preSolution
		HideSolutionNode = FALSE
	EndGlobalSection
	GlobalSection(ExtensibilityGlobals) = postSolution
		SolutionGuid = {668BC9E0-076E-45A0-88CE-FD7A40960E8F}
	EndGlobalSection
EndGlobal
